// !$*UTF8*$!
{
	archiveVersion = 1;
	classes = {
	};
	objectVersion = 46;
	objects = {

/* Begin PBXBuildFile section */
		BE241E281B08CB1E00FB7C74 /* MyModal.m in Sources */ = {isa = PBXBuildFile; fileRef = BE241E271B08CB1E00FB7C74 /* MyModal.m */; };
		BE241E291B08CB1E00FB7C74 /* MyModal.m in Sources */ = {isa = PBXBuildFile; fileRef = BE241E271B08CB1E00FB7C74 /* MyModal.m */; };
		BE3D60181AF689E8003C70B7 /* main.m in Sources */ = {isa = PBXBuildFile; fileRef = BE3D60171AF689E8003C70B7 /* main.m */; };
		BE3D601B1AF689E8003C70B7 /* AppDelegate.m in Sources */ = {isa = PBXBuildFile; fileRef = BE3D601A1AF689E8003C70B7 /* AppDelegate.m */; };
		BE3D601E1AF689E8003C70B7 /* ViewController.m in Sources */ = {isa = PBXBuildFile; fileRef = BE3D601D1AF689E8003C70B7 /* ViewController.m */; };
		BE3D60211AF689E8003C70B7 /* Main.storyboard in Resources */ = {isa = PBXBuildFile; fileRef = BE3D601F1AF689E8003C70B7 /* Main.storyboard */; };
		BE3D60231AF689E8003C70B7 /* Images.xcassets in Resources */ = {isa = PBXBuildFile; fileRef = BE3D60221AF689E8003C70B7 /* Images.xcassets */; };
		BE3D60261AF689E8003C70B7 /* LaunchScreen.xib in Resources */ = {isa = PBXBuildFile; fileRef = BE3D60241AF689E8003C70B7 /* LaunchScreen.xib */; };
		BE3D60321AF689E8003C70B7 /* CustomKeyTests.m in Sources */ = {isa = PBXBuildFile; fileRef = BE3D60311AF689E8003C70B7 /* CustomKeyTests.m */; };
		BE3D60451AF68A44003C70B7 /* KeyboardViewController.m in Sources */ = {isa = PBXBuildFile; fileRef = BE3D60441AF68A44003C70B7 /* KeyboardViewController.m */; };
		BE3D60481AF68A44003C70B7 /* CustomBoard.appex in Embed App Extensions */ = {isa = PBXBuildFile; fileRef = BE3D603F1AF68A44003C70B7 /* CustomBoard.appex */; settings = {ATTRIBUTES = (RemoveHeadersOnCopy, ); }; };
		BE3D605C1AF692C5003C70B7 /* keyView.xib in Resources */ = {isa = PBXBuildFile; fileRef = BE3D605B1AF692C5003C70B7 /* keyView.xib */; };
		BE3D605F1AF692EE003C70B7 /* keyView.m in Sources */ = {isa = PBXBuildFile; fileRef = BE3D605E1AF692EE003C70B7 /* keyView.m */; };
/* End PBXBuildFile section */

/* Begin PBXContainerItemProxy section */
		BE3D602C1AF689E8003C70B7 /* PBXContainerItemProxy */ = {
			isa = PBXContainerItemProxy;
			containerPortal = BE3D600A1AF689E8003C70B7 /* Project object */;
			proxyType = 1;
			remoteGlobalIDString = BE3D60111AF689E8003C70B7;
			remoteInfo = CustomKey;
		};
		BE3D60461AF68A44003C70B7 /* PBXContainerItemProxy */ = {
			isa = PBXContainerItemProxy;
			containerPortal = BE3D600A1AF689E8003C70B7 /* Project object */;
			proxyType = 1;
			remoteGlobalIDString = BE3D603E1AF68A44003C70B7;
			remoteInfo = CustomBoard;
		};
/* End PBXContainerItemProxy section */

/* Begin PBXCopyFilesBuildPhase section */
		BE3D604C1AF68A44003C70B7 /* Embed App Extensions */ = {
			isa = PBXCopyFilesBuildPhase;
			buildActionMask = 2147483647;
			dstPath = "";
			dstSubfolderSpec = 13;
			files = (
				BE3D60481AF68A44003C70B7 /* CustomBoard.appex in Embed App Extensions */,
			);
			name = "Embed App Extensions";
			runOnlyForDeploymentPostprocessing = 0;
		};
/* End PBXCopyFilesBuildPhase section */

/* Begin PBXFileReference section */
		BE241E261B08CB1E00FB7C74 /* MyModal.h */ = {isa = PBXFileReference; fileEncoding = 4; lastKnownFileType = sourcecode.c.h; name = MyModal.h; path = CustomBoard/MyModal.h; sourceTree = "<group>"; };
		BE241E271B08CB1E00FB7C74 /* MyModal.m */ = {isa = PBXFileReference; fileEncoding = 4; lastKnownFileType = sourcecode.c.objc; name = MyModal.m; path = CustomBoard/MyModal.m; sourceTree = "<group>"; };
		BE3D60121AF689E8003C70B7 /* CustomKey.app */ = {isa = PBXFileReference; explicitFileType = wrapper.application; includeInIndex = 0; path = CustomKey.app; sourceTree = BUILT_PRODUCTS_DIR; };
		BE3D60161AF689E8003C70B7 /* Info.plist */ = {isa = PBXFileReference; lastKnownFileType = text.plist.xml; path = Info.plist; sourceTree = "<group>"; };
		BE3D60171AF689E8003C70B7 /* main.m */ = {isa = PBXFileReference; lastKnownFileType = sourcecode.c.objc; path = main.m; sourceTree = "<group>"; };
		BE3D60191AF689E8003C70B7 /* AppDelegate.h */ = {isa = PBXFileReference; lastKnownFileType = sourcecode.c.h; path = AppDelegate.h; sourceTree = "<group>"; };
		BE3D601A1AF689E8003C70B7 /* AppDelegate.m */ = {isa = PBXFileReference; lastKnownFileType = sourcecode.c.objc; path = AppDelegate.m; sourceTree = "<group>"; };
		BE3D601C1AF689E8003C70B7 /* ViewController.h */ = {isa = PBXFileReference; lastKnownFileType = sourcecode.c.h; path = ViewController.h; sourceTree = "<group>"; };
		BE3D601D1AF689E8003C70B7 /* ViewController.m */ = {isa = PBXFileReference; lastKnownFileType = sourcecode.c.objc; path = ViewController.m; sourceTree = "<group>"; };
		BE3D60201AF689E8003C70B7 /* Base */ = {isa = PBXFileReference; lastKnownFileType = file.storyboard; name = Base; path = Base.lproj/Main.storyboard; sourceTree = "<group>"; };
		BE3D60221AF689E8003C70B7 /* Images.xcassets */ = {isa = PBXFileReference; lastKnownFileType = folder.assetcatalog; path = Images.xcassets; sourceTree = "<group>"; };
		BE3D60251AF689E8003C70B7 /* Base */ = {isa = PBXFileReference; lastKnownFileType = file.xib; name = Base; path = Base.lproj/LaunchScreen.xib; sourceTree = "<group>"; };
		BE3D602B1AF689E8003C70B7 /* CustomKeyTests.xctest */ = {isa = PBXFileReference; explicitFileType = wrapper.cfbundle; includeInIndex = 0; path = CustomKeyTests.xctest; sourceTree = BUILT_PRODUCTS_DIR; };
		BE3D60301AF689E8003C70B7 /* Info.plist */ = {isa = PBXFileReference; lastKnownFileType = text.plist.xml; path = Info.plist; sourceTree = "<group>"; };
		BE3D60311AF689E8003C70B7 /* CustomKeyTests.m */ = {isa = PBXFileReference; lastKnownFileType = sourcecode.c.objc; path = CustomKeyTests.m; sourceTree = "<group>"; };
		BE3D603F1AF68A44003C70B7 /* CustomBoard.appex */ = {isa = PBXFileReference; explicitFileType = "wrapper.app-extension"; includeInIndex = 0; path = CustomBoard.appex; sourceTree = BUILT_PRODUCTS_DIR; };
		BE3D60421AF68A44003C70B7 /* Info.plist */ = {isa = PBXFileReference; lastKnownFileType = text.plist.xml; path = Info.plist; sourceTree = "<group>"; };
		BE3D60431AF68A44003C70B7 /* KeyboardViewController.h */ = {isa = PBXFileReference; lastKnownFileType = sourcecode.c.h; path = KeyboardViewController.h; sourceTree = "<group>"; };
		BE3D60441AF68A44003C70B7 /* KeyboardViewController.m */ = {isa = PBXFileReference; lastKnownFileType = sourcecode.c.objc; path = KeyboardViewController.m; sourceTree = "<group>"; };
		BE3D605B1AF692C5003C70B7 /* keyView.xib */ = {isa = PBXFileReference; fileEncoding = 4; lastKnownFileType = file.xib; path = keyView.xib; sourceTree = "<group>"; };
		BE3D605D1AF692EE003C70B7 /* keyView.h */ = {isa = PBXFileReference; fileEncoding = 4; lastKnownFileType = sourcecode.c.h; path = keyView.h; sourceTree = "<group>"; };
		BE3D605E1AF692EE003C70B7 /* keyView.m */ = {isa = PBXFileReference; fileEncoding = 4; lastKnownFileType = sourcecode.c.objc; path = keyView.m; sourceTree = "<group>"; };
		BE3D60601AF6966F003C70B7 /* CustomBoard.entitlements */ = {isa = PBXFileReference; lastKnownFileType = text.xml; path = CustomBoard.entitlements; sourceTree = "<group>"; };
		BE3D60611AF6969F003C70B7 /* CustomKey.entitlements */ = {isa = PBXFileReference; lastKnownFileType = text.xml; path = CustomKey.entitlements; sourceTree = "<group>"; };
/* End PBXFileReference section */

/* Begin PBXFrameworksBuildPhase section */
		BE3D600F1AF689E8003C70B7 /* Frameworks */ = {
			isa = PBXFrameworksBuildPhase;
			buildActionMask = 2147483647;
			files = (
			);
			runOnlyForDeploymentPostprocessing = 0;
		};
		BE3D60281AF689E8003C70B7 /* Frameworks */ = {
			isa = PBXFrameworksBuildPhase;
			buildActionMask = 2147483647;
			files = (
			);
			runOnlyForDeploymentPostprocessing = 0;
		};
		BE3D603C1AF68A44003C70B7 /* Frameworks */ = {
			isa = PBXFrameworksBuildPhase;
			buildActionMask = 2147483647;
			files = (
			);
			runOnlyForDeploymentPostprocessing = 0;
		};
/* End PBXFrameworksBuildPhase section */

/* Begin PBXGroup section */
		BE241E2A1B08CB2700FB7C74 /* DB */ = {
			isa = PBXGroup;
			children = (
				BE241E261B08CB1E00FB7C74 /* MyModal.h */,
				BE241E271B08CB1E00FB7C74 /* MyModal.m */,
			);
			name = DB;
			sourceTree = "<group>";
		};
		BE3D60091AF689E8003C70B7 = {
			isa = PBXGroup;
			children = (
				BE241E2A1B08CB2700FB7C74 /* DB */,
				BE3D60141AF689E8003C70B7 /* CustomKey */,
				BE3D602E1AF689E8003C70B7 /* CustomKeyTests */,
				BE3D60401AF68A44003C70B7 /* CustomBoard */,
				BE3D60131AF689E8003C70B7 /* Products */,
			);
			sourceTree = "<group>";
		};
		BE3D60131AF689E8003C70B7 /* Products */ = {
			isa = PBXGroup;
			children = (
				BE3D60121AF689E8003C70B7 /* CustomKey.app */,
				BE3D602B1AF689E8003C70B7 /* CustomKeyTests.xctest */,
				BE3D603F1AF68A44003C70B7 /* CustomBoard.appex */,
			);
			name = Products;
			sourceTree = "<group>";
		};
		BE3D60141AF689E8003C70B7 /* CustomKey */ = {
			isa = PBXGroup;
			children = (
				BE3D60611AF6969F003C70B7 /* CustomKey.entitlements */,
				BE3D60191AF689E8003C70B7 /* AppDelegate.h */,
				BE3D601A1AF689E8003C70B7 /* AppDelegate.m */,
				BE3D601C1AF689E8003C70B7 /* ViewController.h */,
				BE3D601D1AF689E8003C70B7 /* ViewController.m */,
				BE3D601F1AF689E8003C70B7 /* Main.storyboard */,
				BE3D60221AF689E8003C70B7 /* Images.xcassets */,
				BE3D60241AF689E8003C70B7 /* LaunchScreen.xib */,
				BE3D60151AF689E8003C70B7 /* Supporting Files */,
			);
			path = CustomKey;
			sourceTree = "<group>";
		};
		BE3D60151AF689E8003C70B7 /* Supporting Files */ = {
			isa = PBXGroup;
			children = (
				BE3D60161AF689E8003C70B7 /* Info.plist */,
				BE3D60171AF689E8003C70B7 /* main.m */,
			);
			name = "Supporting Files";
			sourceTree = "<group>";
		};
		BE3D602E1AF689E8003C70B7 /* CustomKeyTests */ = {
			isa = PBXGroup;
			children = (
				BE3D60311AF689E8003C70B7 /* CustomKeyTests.m */,
				BE3D602F1AF689E8003C70B7 /* Supporting Files */,
			);
			path = CustomKeyTests;
			sourceTree = "<group>";
		};
		BE3D602F1AF689E8003C70B7 /* Supporting Files */ = {
			isa = PBXGroup;
			children = (
				BE3D60301AF689E8003C70B7 /* Info.plist */,
			);
			name = "Supporting Files";
			sourceTree = "<group>";
		};
		BE3D60401AF68A44003C70B7 /* CustomBoard */ = {
			isa = PBXGroup;
			children = (
				BE3D60601AF6966F003C70B7 /* CustomBoard.entitlements */,
				BE3D60431AF68A44003C70B7 /* KeyboardViewController.h */,
				BE3D60441AF68A44003C70B7 /* KeyboardViewController.m */,
				BE3D605D1AF692EE003C70B7 /* keyView.h */,
				BE3D605E1AF692EE003C70B7 /* keyView.m */,
				BE3D605B1AF692C5003C70B7 /* keyView.xib */,
				BE3D60411AF68A44003C70B7 /* Supporting Files */,
			);
			path = CustomBoard;
			sourceTree = "<group>";
		};
		BE3D60411AF68A44003C70B7 /* Supporting Files */ = {
			isa = PBXGroup;
			children = (
				BE3D60421AF68A44003C70B7 /* Info.plist */,
			);
			name = "Supporting Files";
			sourceTree = "<group>";
		};
/* End PBXGroup section */

/* Begin PBXNativeTarget section */
		BE3D60111AF689E8003C70B7 /* CustomKey */ = {
			isa = PBXNativeTarget;
			buildConfigurationList = BE3D60351AF689E8003C70B7 /* Build configuration list for PBXNativeTarget "CustomKey" */;
			buildPhases = (
				BE3D600E1AF689E8003C70B7 /* Sources */,
				BE3D600F1AF689E8003C70B7 /* Frameworks */,
				BE3D60101AF689E8003C70B7 /* Resources */,
				BE3D604C1AF68A44003C70B7 /* Embed App Extensions */,
			);
			buildRules = (
			);
			dependencies = (
				BE3D60471AF68A44003C70B7 /* PBXTargetDependency */,
			);
			name = CustomKey;
			productName = CustomKey;
			productReference = BE3D60121AF689E8003C70B7 /* CustomKey.app */;
			productType = "com.apple.product-type.application";
		};
		BE3D602A1AF689E8003C70B7 /* CustomKeyTests */ = {
			isa = PBXNativeTarget;
			buildConfigurationList = BE3D60381AF689E8003C70B7 /* Build configuration list for PBXNativeTarget "CustomKeyTests" */;
			buildPhases = (
				BE3D60271AF689E8003C70B7 /* Sources */,
				BE3D60281AF689E8003C70B7 /* Frameworks */,
				BE3D60291AF689E8003C70B7 /* Resources */,
			);
			buildRules = (
			);
			dependencies = (
				BE3D602D1AF689E8003C70B7 /* PBXTargetDependency */,
			);
			name = CustomKeyTests;
			productName = CustomKeyTests;
			productReference = BE3D602B1AF689E8003C70B7 /* CustomKeyTests.xctest */;
			productType = "com.apple.product-type.bundle.unit-test";
		};
		BE3D603E1AF68A44003C70B7 /* CustomBoard */ = {
			isa = PBXNativeTarget;
			buildConfigurationList = BE3D60491AF68A44003C70B7 /* Build configuration list for PBXNativeTarget "CustomBoard" */;
			buildPhases = (
				BE3D603B1AF68A44003C70B7 /* Sources */,
				BE3D603C1AF68A44003C70B7 /* Frameworks */,
				BE3D603D1AF68A44003C70B7 /* Resources */,
			);
			buildRules = (
			);
			dependencies = (
			);
			name = CustomBoard;
			productName = CustomBoard;
			productReference = BE3D603F1AF68A44003C70B7 /* CustomBoard.appex */;
			productType = "com.apple.product-type.app-extension";
		};
/* End PBXNativeTarget section */

/* Begin PBXProject section */
		BE3D600A1AF689E8003C70B7 /* Project object */ = {
			isa = PBXProject;
			attributes = {
				LastUpgradeCheck = 0630;
				ORGANIZATIONNAME = "Rahul Malik";
				TargetAttributes = {
					BE3D60111AF689E8003C70B7 = {
						CreatedOnToolsVersion = 6.3;
						DevelopmentTeam = DKW3QK9E5C;
						SystemCapabilities = {
							com.apple.ApplicationGroups.iOS = {
								enabled = 1;
							};
						};
					};
					BE3D602A1AF689E8003C70B7 = {
						CreatedOnToolsVersion = 6.3;
						TestTargetID = BE3D60111AF689E8003C70B7;
					};
					BE3D603E1AF68A44003C70B7 = {
						CreatedOnToolsVersion = 6.3;
						DevelopmentTeam = DKW3QK9E5C;
						SystemCapabilities = {
							com.apple.ApplicationGroups.iOS = {
								enabled = 1;
							};
						};
					};
				};
			};
			buildConfigurationList = BE3D600D1AF689E8003C70B7 /* Build configuration list for PBXProject "CustomKey" */;
			compatibilityVersion = "Xcode 3.2";
			developmentRegion = English;
			hasScannedForEncodings = 0;
			knownRegions = (
				en,
				Base,
			);
			mainGroup = BE3D60091AF689E8003C70B7;
			productRefGroup = BE3D60131AF689E8003C70B7 /* Products */;
			projectDirPath = "";
			projectRoot = "";
			targets = (
				BE3D60111AF689E8003C70B7 /* CustomKey */,
				BE3D602A1AF689E8003C70B7 /* CustomKeyTests */,
				BE3D603E1AF68A44003C70B7 /* CustomBoard */,
			);
		};
/* End PBXProject section */

/* Begin PBXResourcesBuildPhase section */
		BE3D60101AF689E8003C70B7 /* Resources */ = {
			isa = PBXResourcesBuildPhase;
			buildActionMask = 2147483647;
			files = (
				BE3D60211AF689E8003C70B7 /* Main.storyboard in Resources */,
				BE3D60261AF689E8003C70B7 /* LaunchScreen.xib in Resources */,
				BE3D60231AF689E8003C70B7 /* Images.xcassets in Resources */,
			);
			runOnlyForDeploymentPostprocessing = 0;
		};
		BE3D60291AF689E8003C70B7 /* Resources */ = {
			isa = PBXResourcesBuildPhase;
			buildActionMask = 2147483647;
			files = (
			);
			runOnlyForDeploymentPostprocessing = 0;
		};
		BE3D603D1AF68A44003C70B7 /* Resources */ = {
			isa = PBXResourcesBuildPhase;
			buildActionMask = 2147483647;
			files = (
				BE3D605C1AF692C5003C70B7 /* keyView.xib in Resources */,
			);
			runOnlyForDeploymentPostprocessing = 0;
		};
/* End PBXResourcesBuildPhase section */

/* Begin PBXSourcesBuildPhase section */
		BE3D600E1AF689E8003C70B7 /* Sources */ = {
			isa = PBXSourcesBuildPhase;
			buildActionMask = 2147483647;
			files = (
				BE3D601E1AF689E8003C70B7 /* ViewController.m in Sources */,
				BE3D601B1AF689E8003C70B7 /* AppDelegate.m in Sources */,
				BE3D60181AF689E8003C70B7 /* main.m in Sources */,
				BE241E281B08CB1E00FB7C74 /* MyModal.m in Sources */,
			);
			runOnlyForDeploymentPostprocessing = 0;
		};
		BE3D60271AF689E8003C70B7 /* Sources */ = {
			isa = PBXSourcesBuildPhase;
			buildActionMask = 2147483647;
			files = (
				BE3D60321AF689E8003C70B7 /* CustomKeyTests.m in Sources */,
			);
			runOnlyForDeploymentPostprocessing = 0;
		};
		BE3D603B1AF68A44003C70B7 /* Sources */ = {
			isa = PBXSourcesBuildPhase;
			buildActionMask = 2147483647;
			files = (
				BE241E291B08CB1E00FB7C74 /* MyModal.m in Sources */,
				BE3D605F1AF692EE003C70B7 /* keyView.m in Sources */,
				BE3D60451AF68A44003C70B7 /* KeyboardViewController.m in Sources */,
			);
			runOnlyForDeploymentPostprocessing = 0;
		};
/* End PBXSourcesBuildPhase section */

/* Begin PBXTargetDependency section */
		BE3D602D1AF689E8003C70B7 /* PBXTargetDependency */ = {
			isa = PBXTargetDependency;
			target = BE3D60111AF689E8003C70B7 /* CustomKey */;
			targetProxy = BE3D602C1AF689E8003C70B7 /* PBXContainerItemProxy */;
		};
		BE3D60471AF68A44003C70B7 /* PBXTargetDependency */ = {
			isa = PBXTargetDependency;
			target = BE3D603E1AF68A44003C70B7 /* CustomBoard */;
			targetProxy = BE3D60461AF68A44003C70B7 /* PBXContainerItemProxy */;
		};
/* End PBXTargetDependency section */

/* Begin PBXVariantGroup section */
		BE3D601F1AF689E8003C70B7 /* Main.storyboard */ = {
			isa = PBXVariantGroup;
			children = (
				BE3D60201AF689E8003C70B7 /* Base */,
			);
			name = Main.storyboard;
			sourceTree = "<group>";
		};
		BE3D60241AF689E8003C70B7 /* LaunchScreen.xib */ = {
			isa = PBXVariantGroup;
			children = (
				BE3D60251AF689E8003C70B7 /* Base */,
			);
			name = LaunchScreen.xib;
			sourceTree = "<group>";
		};
/* End PBXVariantGroup section */

/* Begin XCBuildConfiguration section */
		BE3D60331AF689E8003C70B7 /* Debug */ = {
			isa = XCBuildConfiguration;
			buildSettings = {
				ALWAYS_SEARCH_USER_PATHS = NO;
				CLANG_CXX_LANGUAGE_STANDARD = "gnu++0x";
				CLANG_CXX_LIBRARY = "libc++";
				CLANG_ENABLE_MODULES = YES;
				CLANG_ENABLE_OBJC_ARC = YES;
				CLANG_WARN_BOOL_CONVERSION = YES;
				CLANG_WARN_CONSTANT_CONVERSION = YES;
				CLANG_WARN_DIRECT_OBJC_ISA_USAGE = YES_ERROR;
				CLANG_WARN_EMPTY_BODY = YES;
				CLANG_WARN_ENUM_CONVERSION = YES;
				CLANG_WARN_INT_CONVERSION = YES;
				CLANG_WARN_OBJC_ROOT_CLASS = YES_ERROR;
				CLANG_WARN_UNREACHABLE_CODE = YES;
				CLANG_WARN__DUPLICATE_METHOD_MATCH = YES;
				"CODE_SIGN_IDENTITY[sdk=iphoneos*]" = "iPhone Developer";
				COPY_PHASE_STRIP = NO;
				DEBUG_INFORMATION_FORMAT = "dwarf-with-dsym";
				ENABLE_STRICT_OBJC_MSGSEND = YES;
				GCC_C_LANGUAGE_STANDARD = gnu99;
				GCC_DYNAMIC_NO_PIC = NO;
				GCC_NO_COMMON_BLOCKS = YES;
				GCC_OPTIMIZATION_LEVEL = 0;
				GCC_PREPROCESSOR_DEFINITIONS = (
					"DEBUG=1",
					"$(inherited)",
				);
				GCC_SYMBOLS_PRIVATE_EXTERN = NO;
				GCC_WARN_64_TO_32_BIT_CONVERSION = YES;
				GCC_WARN_ABOUT_RETURN_TYPE = YES_ERROR;
				GCC_WARN_UNDECLARED_SELECTOR = YES;
				GCC_WARN_UNINITIALIZED_AUTOS = YES_AGGRESSIVE;
				GCC_WARN_UNUSED_FUNCTION = YES;
				GCC_WARN_UNUSED_VARIABLE = YES;
				IPHONEOS_DEPLOYMENT_TARGET = 8.3;
				MTL_ENABLE_DEBUG_INFO = YES;
				ONLY_ACTIVE_ARCH = YES;
				SDKROOT = iphoneos;
			};
			name = Debug;
		};
		BE3D60341AF689E8003C70B7 /* Release */ = {
			isa = XCBuildConfiguration;
			buildSettings = {
				ALWAYS_SEARCH_USER_PATHS = NO;
				CLANG_CXX_LANGUAGE_STANDARD = "gnu++0x";
				CLANG_CXX_LIBRARY = "libc++";
				CLANG_ENABLE_MODULES = YES;
				CLANG_ENABLE_OBJC_ARC = YES;
				CLANG_WARN_BOOL_CONVERSION = YES;
				CLANG_WARN_CONSTANT_CONVERSION = YES;
				CLANG_WARN_DIRECT_OBJC_ISA_USAGE = YES_ERROR;
				CLANG_WARN_EMPTY_BODY = YES;
				CLANG_WARN_ENUM_CONVERSION = YES;
				CLANG_WARN_INT_CONVERSION = YES;
				CLANG_WARN_OBJC_ROOT_CLASS = YES_ERROR;
				CLANG_WARN_UNREACHABLE_CODE = YES;
				CLANG_WARN__DUPLICATE_METHOD_MATCH = YES;
				"CODE_SIGN_IDENTITY[sdk=iphoneos*]" = "iPhone Developer";
				COPY_PHASE_STRIP = NO;
				DEBUG_INFORMATION_FORMAT = "dwarf-with-dsym";
				ENABLE_NS_ASSERTIONS = NO;
				ENABLE_STRICT_OBJC_MSGSEND = YES;
				GCC_C_LANGUAGE_STANDARD = gnu99;
				GCC_NO_COMMON_BLOCKS = YES;
				GCC_WARN_64_TO_32_BIT_CONVERSION = YES;
				GCC_WARN_ABOUT_RETURN_TYPE = YES_ERROR;
				GCC_WARN_UNDECLARED_SELECTOR = YES;
				GCC_WARN_UNINITIALIZED_AUTOS = YES_AGGRESSIVE;
				GCC_WARN_UNUSED_FUNCTION = YES;
				GCC_WARN_UNUSED_VARIABLE = YES;
				IPHONEOS_DEPLOYMENT_TARGET = 8.3;
				MTL_ENABLE_DEBUG_INFO = NO;
				SDKROOT = iphoneos;
				VALIDATE_PRODUCT = YES;
			};
			name = Release;
		};
		BE3D60361AF689E8003C70B7 /* Debug */ = {
			isa = XCBuildConfiguration;
			buildSettings = {
				ASSETCATALOG_COMPILER_APPICON_NAME = AppIcon;
				CODE_SIGN_ENTITLEMENTS = CustomKey/CustomKey.entitlements;
				CODE_SIGN_IDENTITY = "iPhone Developer";
				"CODE_SIGN_IDENTITY[sdk=iphoneos*]" = "iPhone Developer";
				INFOPLIST_FILE = CustomKey/Info.plist;
				LD_RUNPATH_SEARCH_PATHS = "$(inherited) @executable_path/Frameworks";
				PRODUCT_NAME = "$(TARGET_NAME)";
				PROVISIONING_PROFILE = "";
			};
			name = Debug;
		};
		BE3D60371AF689E8003C70B7 /* Release */ = {
			isa = XCBuildConfiguration;
			buildSettings = {
				ASSETCATALOG_COMPILER_APPICON_NAME = AppIcon;
				CODE_SIGN_ENTITLEMENTS = CustomKey/CustomKey.entitlements;
				CODE_SIGN_IDENTITY = "iPhone Developer";
				"CODE_SIGN_IDENTITY[sdk=iphoneos*]" = "iPhone Developer";
				INFOPLIST_FILE = CustomKey/Info.plist;
				LD_RUNPATH_SEARCH_PATHS = "$(inherited) @executable_path/Frameworks";
				PRODUCT_NAME = "$(TARGET_NAME)";
				PROVISIONING_PROFILE = "";
			};
			name = Release;
		};
		BE3D60391AF689E8003C70B7 /* Debug */ = {
			isa = XCBuildConfiguration;
			buildSettings = {
				BUNDLE_LOADER = "$(TEST_HOST)";
				FRAMEWORK_SEARCH_PATHS = (
					"$(SDKROOT)/Developer/Library/Frameworks",
					"$(inherited)",
				);
				GCC_PREPROCESSOR_DEFINITIONS = (
					"DEBUG=1",
					"$(inherited)",
				);
				INFOPLIST_FILE = CustomKeyTests/Info.plist;
				LD_RUNPATH_SEARCH_PATHS = "$(inherited) @executable_path/Frameworks @loader_path/Frameworks";
				PRODUCT_NAME = "$(TARGET_NAME)";
				TEST_HOST = "$(BUILT_PRODUCTS_DIR)/CustomKey.app/CustomKey";
			};
			name = Debug;
		};
		BE3D603A1AF689E8003C70B7 /* Release */ = {
			isa = XCBuildConfiguration;
			buildSettings = {
				BUNDLE_LOADER = "$(TEST_HOST)";
				FRAMEWORK_SEARCH_PATHS = (
					"$(SDKROOT)/Developer/Library/Frameworks",
					"$(inherited)",
				);
				INFOPLIST_FILE = CustomKeyTests/Info.plist;
				LD_RUNPATH_SEARCH_PATHS = "$(inherited) @executable_path/Frameworks @loader_path/Frameworks";
				PRODUCT_NAME = "$(TARGET_NAME)";
				TEST_HOST = "$(BUILT_PRODUCTS_DIR)/CustomKey.app/CustomKey";
			};
			name = Release;
		};
		BE3D604A1AF68A44003C70B7 /* Debug */ = {
			isa = XCBuildConfiguration;
			buildSettings = {
				CODE_SIGN_ENTITLEMENTS = CustomBoard/CustomBoard.entitlements;
				CODE_SIGN_IDENTITY = "iPhone Developer";
				"CODE_SIGN_IDENTITY[sdk=iphoneos*]" = "iPhone Developer";
				GCC_PREPROCESSOR_DEFINITIONS = (
					"DEBUG=1",
					"$(inherited)",
				);
				INFOPLIST_FILE = CustomBoard/Info.plist;
				LD_RUNPATH_SEARCH_PATHS = "$(inherited) @executable_path/Frameworks @executable_path/../../Frameworks";
				PRODUCT_NAME = "$(TARGET_NAME)";
				PROVISIONING_PROFILE = "";
				SKIP_INSTALL = YES;
			};
			name = Debug;
		};
		BE3D604B1AF68A44003C70B7 /* Release */ = {
			isa = XCBuildConfiguration;
			buildSettings = {
				CODE_SIGN_ENTITLEMENTS = CustomBoard/CustomBoard.entitlements;
				CODE_SIGN_IDENTITY = "iPhone Developer";
				"CODE_SIGN_IDENTITY[sdk=iphoneos*]" = "iPhone Developer";
				INFOPLIST_FILE = CustomBoard/Info.plist;
				LD_RUNPATH_SEARCH_PATHS = "$(inherited) @executable_path/Frameworks @executable_path/../../Frameworks";
				PRODUCT_NAME = "$(TARGET_NAME)";
				PROVISIONING_PROFILE = "";
				SKIP_INSTALL = YES;
			};
			name = Release;
		};
/* End XCBuildConfiguration section */

/* Begin XCConfigurationList section */
		BE3D600D1AF689E8003C70B7 /* Build configuration list for PBXProject "CustomKey" */ = {
			isa = XCConfigurationList;
			buildConfigurations = (
				BE3D60331AF689E8003C70B7 /* Debug */,
				BE3D60341AF689E8003C70B7 /* Release */,
			);
			defaultConfigurationIsVisible = 0;
			defaultConfigurationName = Release;
		};
		BE3D60351AF689E8003C70B7 /* Build configuration list for PBXNativeTarget "CustomKey" */ = {
			isa = XCConfigurationList;
			buildConfigurations = (
				BE3D60361AF689E8003C70B7 /* Debug */,
				BE3D60371AF689E8003C70B7 /* Release */,
			);
			defaultConfigurationIsVisible = 0;
			defaultConfigurationName = Release;
		};
		BE3D60381AF689E8003C70B7 /* Build configuration list for PBXNativeTarget "CustomKeyTests" */ = {
			isa = XCConfigurationList;
			buildConfigurations = (
				BE3D60391AF689E8003C70B7 /* Debug */,
				BE3D603A1AF689E8003C70B7 /* Release */,
			);
			defaultConfigurationIsVisible = 0;
			defaultConfigurationName = Release;
		};
		BE3D60491AF68A44003C70B7 /* Build configuration list for PBXNativeTarget "CustomBoard" */ = {
			isa = XCConfigurationList;
			buildConfigurations = (
				BE3D604A1AF68A44003C70B7 /* Debug */,
				BE3D604B1AF68A44003C70B7 /* Release */,
			);
			defaultConfigurationIsVisible = 0;
			defaultConfigurationName = Release;
		};
/* End XCConfigurationList section */
	};
	rootObject = BE3D600A1AF689E8003C70B7 /* Project object */;
}
